
Microsoft Visual Studio Solution File, Format Version 12.00
# Visual Studio Version 16
VisualStudioVersion = 16.0.29215.179
MinimumVisualStudioVersion = 10.0.40219.1
Project("{FAE04EC0-301F-11D3-BF4B-00C04F79EFBC}") = "UnitTestProject1", "UnitTestProject1.csproj", "{A16160AA-833D-40BB-BA7D-2723D0AD948E}"
EndProject
Global
	GlobalSection(SolutionConfigurationPlatforms) = preSolution
		Debug|Any CPU = Debug|Any CPU
		Release|Any CPU = Release|Any CPU
	EndGlobalSection
	GlobalSection(ProjectConfigurationPlatforms) = postSolution
		{A16160AA-833D-40BB-BA7D-2723D0AD948E}.Debug|Any CPU.ActiveCfg = Debug|Any CPU
		{A16160AA-833D-40BB-BA7D-2723D0AD948E}.Debug|Any CPU.Build.0 = Debug|Any CPU
		{A16160AA-833D-40BB-BA7D-2723D0AD948E}.Release|Any CPU.ActiveCfg = Release|Any CPU
		{A16160AA-833D-40BB-BA7D-2723D0AD948E}.Release|Any CPU.Build.0 = Release|Any CPU
	EndGlobalSection
	GlobalSection(SolutionProperties) = preSolution
		HideSolutionNode = FALSE
	EndGlobalSection
	GlobalSection(ExtensibilityGlobals) = postSolution
		SolutionGuid = {2B8F9FA5-CEF3-44F1-AF7F-227B29D2D1B7}
	EndGlobalSection
EndGlobal
